
Microsoft Visual Studio Solution File, Format Version 12.00
# Visual Studio Version 16
VisualStudioVersion = 16.0.30011.22
MinimumVisualStudioVersion = 10.0.40219.1
Project("{FAE04EC0-301F-11D3-BF4B-00C04F79EFBC}") = "IntroducingTasks", "IntroducingTasks\IntroducingTasks.csproj", "{3918F382-B5A8-4780-B79A-F89C4F1D25B5}"
EndProject
Global
	GlobalSection(SolutionConfigurationPlatforms) = preSolution
		Debug|Any CPU = Debug|Any CPU
		Release|Any CPU = Release|Any CPU
	EndGlobalSection
	GlobalSection(ProjectConfigurationPlatforms) = postSolution
		{3918F382-B5A8-4780-B79A-F89C4F1D25B5}.Debug|Any CPU.ActiveCfg = Debug|Any CPU
		{3918F382-B5A8-4780-B79A-F89C4F1D25B5}.Debug|Any CPU.Build.0 = Debug|Any CPU
		{3918F382-B5A8-4780-B79A-F89C4F1D25B5}.Release|Any CPU.ActiveCfg = Release|Any CPU
		{3918F382-B5A8-4780-B79A-F89C4F1D25B5}.Release|Any CPU.Build.0 = Release|Any CPU
	EndGlobalSection
	GlobalSection(SolutionProperties) = preSolution
		HideSolutionNode = FALSE
	EndGlobalSection
	GlobalSection(ExtensibilityGlobals) = postSolution
		SolutionGuid = {BA83500F-9F7E-41EF-A238-527AC70ACC5B}
	EndGlobalSection
EndGlobal
